<?xml version="1.0" encoding="utf-8"?>
<Project ToolsVersion="4.0" xmlns="http://schemas.microsoft.com/developer/msbuild/2003">
  <ItemGroup>
    <Filter Include="源文件">
      <UniqueIdentifier>{4FC737F1-C7A5-4376-A066-2A32D752A2FF}</UniqueIdentifier>
      <Extensions>cpp;c;cc;cxx;def;odl;idl;hpj;bat;asm;asmx</Extensions>
    </Filter>
    <Filter Include="头文件">
      <UniqueIdentifier>{93995380-89BD-4b04-88EB-625FBE52EBFB}</UniqueIdentifier>
      <Extensions>h;hh;hpp;hxx;hm;inl;inc;ipp;xsd</Extensions>
    </Filter>
    <Filter Include="资源文件">
      <UniqueIdentifier>{67DA6AB6-F800-4c08-8B7A-83BB121AAD01}</UniqueIdentifier>
      <Extensions>rc;ico;cur;bmp;dlg;rc2;rct;bin;rgs;gif;jpg;jpeg;jpe;resx;tiff;tif;png;wav;mfcribbon-ms</Extensions>
    </Filter>
  </ItemGroup>
  <ItemGroup>
    <ClInclude Include="pch.h">
      <Filter>头文件</Filter>
    </ClInclude>
    <ClInclude Include="Quanpai.h">
      <Filter>头文件</Filter>
    </ClInclude>
    <ClInclude Include="shexingtianshu.h">
      <Filter>头文件</Filter>
    </ClInclude>
    <ClInclude Include="compare.h">
      <Filter>头文件</Filter>
    </ClInclude>
    <ClInclude Include="Circularseq.h">
      <Filter>头文件</Filter>
    </ClInclude>
    <ClInclude Include="Puzzle.h">
      <Filter>头文件</Filter>
    </ClInclude>
    <ClInclude Include="CrossWord.h">
      <Filter>头文件</Filter>
    </ClInclude>
    <ClInclude Include="Finding.h">
      <Filter>头文件</Filter>
    </ClInclude>
    <ClInclude Include="Light.h">
      <Filter>头文件</Filter>
    </ClInclude>
    <ClInclude Include="Hangman.h">
      <Filter>头文件</Filter>
    </ClInclude>
    <ClInclude Include="Dolequeue.h">
      <Filter>头文件</Filter>
    </ClInclude>
    <ClInclude Include="Coding.h">
      <Filter>头文件</Filter>
    </ClInclude>
    <ClInclude Include="Xiangqi.h">
      <Filter>头文件</Filter>
    </ClInclude>
    <ClInclude Include="Squares.h">
      <Filter>头文件</Filter>
    </ClInclude>
    <ClInclude Include="Morse.h">
      <Filter>头文件</Filter>
    </ClInclude>
    <ClInclude Include="Sleeping.h">
      <Filter>头文件</Filter>
    </ClInclude>
    <ClInclude Include="Pga.h">
      <Filter>头文件</Filter>
    </ClInclude>
    <ClInclude Include="Champ.h">
      <Filter>头文件</Filter>
    </ClInclude>
    <ClInclude Include="Symmetry.h">
      <Filter>头文件</Filter>
    </ClInclude>
    <ClInclude Include="Printer.h">
      <Filter>头文件</Filter>
    </ClInclude>
    <ClInclude Include="Updating.h">
      <Filter>头文件</Filter>
    </ClInclude>
    <ClInclude Include="Fibonacci.h">
      <Filter>头文件</Filter>
    </ClInclude>
    <ClInclude Include="Tree.h">
      <Filter>头文件</Filter>
    </ClInclude>
    <ClInclude Include="DropingBalls.h">
      <Filter>头文件</Filter>
    </ClInclude>
    <ClInclude Include="Tnode.h">
      <Filter>头文件</Filter>
    </ClInclude>
    <ClInclude Include="NoMobile.h">
      <Filter>头文件</Filter>
    </ClInclude>
  </ItemGroup>
  <ItemGroup>
    <ClCompile Include="pch.cpp">
      <Filter>源文件</Filter>
    </ClCompile>
    <ClCompile Include="main.cpp">
      <Filter>源文件</Filter>
    </ClCompile>
    <ClCompile Include="compare.cpp">
      <Filter>源文件</Filter>
    </ClCompile>
    <ClCompile Include="Circularseq.cpp">
      <Filter>源文件</Filter>
    </ClCompile>
    <ClCompile Include="Puzzle.cpp">
      <Filter>源文件</Filter>
    </ClCompile>
    <ClCompile Include="CrossWord.cpp">
      <Filter>源文件</Filter>
    </ClCompile>
    <ClCompile Include="Finding.cpp">
      <Filter>源文件</Filter>
    </ClCompile>
    <ClCompile Include="Hangman.cpp">
      <Filter>源文件</Filter>
    </ClCompile>
    <ClCompile Include="Coding.cpp">
      <Filter>源文件</Filter>
    </ClCompile>
    <ClCompile Include="Xiangqi.cpp">
      <Filter>源文件</Filter>
    </ClCompile>
    <ClCompile Include="Squares.cpp">
      <Filter>源文件</Filter>
    </ClCompile>
    <ClCompile Include="Morse.cpp">
      <Filter>源文件</Filter>
    </ClCompile>
    <ClCompile Include="Sleeping.cpp">
      <Filter>源文件</Filter>
    </ClCompile>
    <ClCompile Include="Pga.cpp">
      <Filter>源文件</Filter>
    </ClCompile>
    <ClCompile Include="Champ.cpp">
      <Filter>源文件</Filter>
    </ClCompile>
    <ClCompile Include="Updating.cpp">
      <Filter>源文件</Filter>
    </ClCompile>
    <ClCompile Include="Tree.cpp">
      <Filter>源文件</Filter>
    </ClCompile>
    <ClCompile Include="DropingBalls.cpp">
      <Filter>源文件</Filter>
    </ClCompile>
    <ClCompile Include="Tnode.cpp">
      <Filter>源文件</Filter>
    </ClCompile>
    <ClCompile Include="NoMobile.cpp">
      <Filter>源文件</Filter>
    </ClCompile>
  </ItemGroup>
</Project>