
Microsoft Visual Studio Solution File, Format Version 12.00
# Visual Studio 15
VisualStudioVersion = 15.0.28307.572
MinimumVisualStudioVersion = 10.0.40219.1
Project("{8BC9CEB8-8B4A-11D0-8D11-00A0C91BC942}") = "quanpailie", "quanpailie\quanpailie.vcxproj", "{9EB1CBA9-B240-419E-947E-18D51F716763}"
EndProject
Global
	GlobalSection(SolutionConfigurationPlatforms) = preSolution
		Debug|x64 = Debug|x64
		Debug|x86 = Debug|x86
		Release|x64 = Release|x64
		Release|x86 = Release|x86
	EndGlobalSection
	GlobalSection(ProjectConfigurationPlatforms) = postSolution
		{9EB1CBA9-B240-419E-947E-18D51F716763}.Debug|x64.ActiveCfg = Debug|x64
		{9EB1CBA9-B240-419E-947E-18D51F716763}.Debug|x64.Build.0 = Debug|x64
		{9EB1CBA9-B240-419E-947E-18D51F716763}.Debug|x86.ActiveCfg = Debug|Win32
		{9EB1CBA9-B240-419E-947E-18D51F716763}.Debug|x86.Build.0 = Debug|Win32
		{9EB1CBA9-B240-419E-947E-18D51F716763}.Release|x64.ActiveCfg = Release|x64
		{9EB1CBA9-B240-419E-947E-18D51F716763}.Release|x64.Build.0 = Release|x64
		{9EB1CBA9-B240-419E-947E-18D51F716763}.Release|x86.ActiveCfg = Release|Win32
		{9EB1CBA9-B240-419E-947E-18D51F716763}.Release|x86.Build.0 = Release|Win32
	EndGlobalSection
	GlobalSection(SolutionProperties) = preSolution
		HideSolutionNode = FALSE
	EndGlobalSection
	GlobalSection(ExtensibilityGlobals) = postSolution
		SolutionGuid = {A0D9748F-2A39-4904-8893-05094D6E946C}
	EndGlobalSection
EndGlobal
